
Microsoft Visual Studio Solution File, Format Version 12.00
# Visual Studio Version 16
VisualStudioVersion = 16.0.31829.152
MinimumVisualStudioVersion = 10.0.40219.1
Project("{FAE04EC0-301F-11D3-BF4B-00C04F79EFBC}") = "WallerAPI", "WallerAPI\WallerAPI.csproj", "{AFB37C4F-9130-4716-8704-77386425EEC8}"
EndProject
Project("{FAE04EC0-301F-11D3-BF4B-00C04F79EFBC}") = "WallerAPI.Services", "WalletAPI.Services\WallerAPI.Services.csproj", "{E752B135-7FBB-4FC1-836F-AFAD544DE3B3}"
EndProject
Project("{FAE04EC0-301F-11D3-BF4B-00C04F79EFBC}") = "WallerAPI.Models", "WallerAPI.Models\WallerAPI.Models.csproj", "{1933E071-97F2-4A8C-B837-EC535144FA9D}"
EndProject
Project("{FAE04EC0-301F-11D3-BF4B-00C04F79EFBC}") = "WallerAPI.Data", "WallerAPI.Data\WallerAPI.Data.csproj", "{F8970442-D3A5-49B2-9F2A-32AE710CD78D}"
EndProject
Global
	GlobalSection(SolutionConfigurationPlatforms) = preSolution
		Debug|Any CPU = Debug|Any CPU
		Release|Any CPU = Release|Any CPU
	EndGlobalSection
	GlobalSection(ProjectConfigurationPlatforms) = postSolution
		{AFB37C4F-9130-4716-8704-77386425EEC8}.Debug|Any CPU.ActiveCfg = Debug|Any CPU
		{AFB37C4F-9130-4716-8704-77386425EEC8}.Debug|Any CPU.Build.0 = Debug|Any CPU
		{AFB37C4F-9130-4716-8704-77386425EEC8}.Release|Any CPU.ActiveCfg = Release|Any CPU
		{AFB37C4F-9130-4716-8704-77386425EEC8}.Release|Any CPU.Build.0 = Release|Any CPU
		{E752B135-7FBB-4FC1-836F-AFAD544DE3B3}.Debug|Any CPU.ActiveCfg = Debug|Any CPU
		{E752B135-7FBB-4FC1-836F-AFAD544DE3B3}.Debug|Any CPU.Build.0 = Debug|Any CPU
		{E752B135-7FBB-4FC1-836F-AFAD544DE3B3}.Release|Any CPU.ActiveCfg = Release|Any CPU
		{E752B135-7FBB-4FC1-836F-AFAD544DE3B3}.Release|Any CPU.Build.0 = Release|Any CPU
		{1933E071-97F2-4A8C-B837-EC535144FA9D}.Debug|Any CPU.ActiveCfg = Debug|Any CPU
		{1933E071-97F2-4A8C-B837-EC535144FA9D}.Debug|Any CPU.Build.0 = Debug|Any CPU
		{1933E071-97F2-4A8C-B837-EC535144FA9D}.Release|Any CPU.ActiveCfg = Release|Any CPU
		{1933E071-97F2-4A8C-B837-EC535144FA9D}.Release|Any CPU.Build.0 = Release|Any CPU
		{F8970442-D3A5-49B2-9F2A-32AE710CD78D}.Debug|Any CPU.ActiveCfg = Debug|Any CPU
		{F8970442-D3A5-49B2-9F2A-32AE710CD78D}.Debug|Any CPU.Build.0 = Debug|Any CPU
		{F8970442-D3A5-49B2-9F2A-32AE710CD78D}.Release|Any CPU.ActiveCfg = Release|Any CPU
		{F8970442-D3A5-49B2-9F2A-32AE710CD78D}.Release|Any CPU.Build.0 = Release|Any CPU
	EndGlobalSection
	GlobalSection(SolutionProperties) = preSolution
		HideSolutionNode = FALSE
	EndGlobalSection
	GlobalSection(ExtensibilityGlobals) = postSolution
		SolutionGuid = {E3CB0497-B9CB-4C44-B71A-E5E023EF5CF7}
	EndGlobalSection
EndGlobal
